
Microsoft Visual Studio Solution File, Format Version 12.00
# Visual Studio Version 17
VisualStudioVersion = 17.0.31903.59
MinimumVisualStudioVersion = 10.0.40219.1
Project("{9A19103F-16F7-4668-BE54-9A1E7A4F7556}") = "User.Core", "User.Core\User.Core.csproj", "{75EB9303-2F17-41FE-B4DD-B727A4D30C8D}"
EndProject
Project("{FAE04EC0-301F-11D3-BF4B-00C04F79EFBC}") = "User.Core.Tests.Unit", "User.Core.Tests.Unit\User.Core.Tests.Unit.csproj", "{EF344E39-349E-4FD6-891A-C20336A32AA6}"
EndProject
Global
	GlobalSection(SolutionConfigurationPlatforms) = preSolution
		Debug|Any CPU = Debug|Any CPU
		Release|Any CPU = Release|Any CPU
	EndGlobalSection
	GlobalSection(ProjectConfigurationPlatforms) = postSolution
		{75EB9303-2F17-41FE-B4DD-B727A4D30C8D}.Debug|Any CPU.ActiveCfg = Debug|Any CPU
		{75EB9303-2F17-41FE-B4DD-B727A4D30C8D}.Debug|Any CPU.Build.0 = Debug|Any CPU
		{75EB9303-2F17-41FE-B4DD-B727A4D30C8D}.Release|Any CPU.ActiveCfg = Release|Any CPU
		{75EB9303-2F17-41FE-B4DD-B727A4D30C8D}.Release|Any CPU.Build.0 = Release|Any CPU
		{EF344E39-349E-4FD6-891A-C20336A32AA6}.Debug|Any CPU.ActiveCfg = Debug|Any CPU
		{EF344E39-349E-4FD6-891A-C20336A32AA6}.Debug|Any CPU.Build.0 = Debug|Any CPU
		{EF344E39-349E-4FD6-891A-C20336A32AA6}.Release|Any CPU.ActiveCfg = Release|Any CPU
		{EF344E39-349E-4FD6-891A-C20336A32AA6}.Release|Any CPU.Build.0 = Release|Any CPU
	EndGlobalSection
	GlobalSection(SolutionProperties) = preSolution
		HideSolutionNode = FALSE
	EndGlobalSection
	GlobalSection(ExtensibilityGlobals) = postSolution
		SolutionGuid = {AC1315D9-49A6-418E-A32F-2EA1856DEEC3}
	EndGlobalSection
EndGlobal
